# THIS IS AN AUTOGENERATED FILE. DO NOT EDIT THIS FILE DIRECTLY.
# yarn lockfile v1


"@47ng/check-env@^2.0.2":
  version "2.0.2"
  resolved "https://registry.yarnpkg.com/@47ng/check-env/-/check-env-2.0.2.tgz#cd7b5c77488d00bf3465b26c7d93a13bd5768e60"
  integrity sha512-sxxT3dhGcpsXp/yTI9ktXLVBoVp9SZQRZFxBYAXgU1lMPl7z+30kbKDTOUV9K/AdamJc9uq87ETkpyFqkSd58Q==

prettier-config-standard@^4.0.0:
  version "4.0.0"
  resolved "https://registry.yarnpkg.com/prettier-config-standard/-/prettier-config-standard-4.0.0.tgz#4cb82b87249e248bf47c69efbe3f9179abd16f70"
  integrity sha512-K5J34NKeGyJvVVHUg4cAWDhtVYzT7UIRE9GbFyqHNZd61Pr0DHNTMsgoID7IVDmKc0QaLswYwKaNR2apbUJvkg==
